
Microsoft Visual Studio Solution File, Format Version 12.00
# Visual Studio Version 17
VisualStudioVersion = 17.9.34701.34
MinimumVisualStudioVersion = 10.0.40219.1
Project("{FAE04EC0-301F-11D3-BF4B-00C04F79EFBC}") = "Ribalka", "Ribalka\Ribalka.csproj", "{2256A241-37CF-435C-9105-E56A606E831E}"
EndProject
Global
	GlobalSection(SolutionConfigurationPlatforms) = preSolution
		Debug|Any CPU = Debug|Any CPU
		Release|Any CPU = Release|Any CPU
	EndGlobalSection
	GlobalSection(ProjectConfigurationPlatforms) = postSolution
		{2256A241-37CF-435C-9105-E56A606E831E}.Debug|Any CPU.ActiveCfg = Debug|Any CPU
		{2256A241-37CF-435C-9105-E56A606E831E}.Debug|Any CPU.Build.0 = Debug|Any CPU
		{2256A241-37CF-435C-9105-E56A606E831E}.Release|Any CPU.ActiveCfg = Release|Any CPU
		{2256A241-37CF-435C-9105-E56A606E831E}.Release|Any CPU.Build.0 = Release|Any CPU
	EndGlobalSection
	GlobalSection(SolutionProperties) = preSolution
		HideSolutionNode = FALSE
	EndGlobalSection
	GlobalSection(ExtensibilityGlobals) = postSolution
		SolutionGuid = {B87A703E-81ED-4F11-B2BB-EB7F4E82DAC3}
	EndGlobalSection
EndGlobal
